
Microsoft Visual Studio Solution File, Format Version 12.00
# Visual Studio Version 17
VisualStudioVersion = 17.0.31903.59
MinimumVisualStudioVersion = 10.0.40219.1
Project("{2150E333-8FDC-42A3-9474-1A3956D46DE8}") = "src", "src", "{4CB02753-6BBE-48A6-95F7-BAEDD84A420D}"
EndProject
Project("{FAE04EC0-301F-11D3-BF4B-00C04F79EFBC}") = "Tollkar.Core", "src\Tollkar.Core\Tollkar.Core.csproj", "{48804A5D-E1BF-4230-B8DE-D3953860E7D1}"
EndProject
Project("{2150E333-8FDC-42A3-9474-1A3956D46DE8}") = "tests", "tests", "{0AB3BF05-4346-4AA6-1389-037BE0695223}"
EndProject
Project("{FAE04EC0-301F-11D3-BF4B-00C04F79EFBC}") = "Tollkar.Core.Tests", "tests\Tollkar.Core.Tests\Tollkar.Core.Tests.csproj", "{2DE6EB2E-3F53-4704-A166-52B7AC6A9EF9}"
EndProject
Project("{FAE04EC0-301F-11D3-BF4B-00C04F79EFBC}") = "Tollkar.Application", "src\Tollkar.Application\Tollkar.Application.csproj", "{99C2A53B-852B-481A-89FE-35BC32429E5E}"
EndProject
Project("{FAE04EC0-301F-11D3-BF4B-00C04F79EFBC}") = "Tollkar.Application.Tests", "tests\Tollkar.Application.Tests\Tollkar.Application.Tests.csproj", "{9DE34E85-F53D-4DA4-AB8C-9D549A79A541}"
EndProject
Project("{FAE04EC0-301F-11D3-BF4B-00C04F79EFBC}") = "Tollkar.Infrastructure", "src\Tollkar.Infrastructure\Tollkar.Infrastructure.csproj", "{48098FEC-90B4-4DDB-84C1-3F60BD7F4D11}"
EndProject
Project("{FAE04EC0-301F-11D3-BF4B-00C04F79EFBC}") = "Tollkar.Infrastructure.Tests", "tests\Tollkar.Infrastructure.Tests\Tollkar.Infrastructure.Tests.csproj", "{098DE651-61F9-487C-B129-87CD348DFA42}"
EndProject
Project("{FAE04EC0-301F-11D3-BF4B-00C04F79EFBC}") = "Tollkar.Web", "src\Tollkar.Web\Tollkar.Web.csproj", "{5239F19A-B253-4BE9-82DB-63DA70C5A925}"
EndProject
Project("{FAE04EC0-301F-11D3-BF4B-00C04F79EFBC}") = "Tollkar.Web.Tests", "tests\Tollkar.Web.Tests\Tollkar.Web.Tests.csproj", "{0FEFD23E-2CC6-43D6-9DD7-5A2DA4B24320}"
EndProject
Project("{FAE04EC0-301F-11D3-BF4B-00C04F79EFBC}") = "Tollkar.TestSupport", "tests\Tollkar.TestSupport\Tollkar.TestSupport.csproj", "{4C9CFAEA-8DF7-443D-AFA5-15457C4CD05C}"
EndProject
Global
	GlobalSection(SolutionConfigurationPlatforms) = preSolution
		Debug|Any CPU = Debug|Any CPU
		Release|Any CPU = Release|Any CPU
	EndGlobalSection
	GlobalSection(ProjectConfigurationPlatforms) = postSolution
		{48804A5D-E1BF-4230-B8DE-D3953860E7D1}.Debug|Any CPU.ActiveCfg = Debug|Any CPU
		{48804A5D-E1BF-4230-B8DE-D3953860E7D1}.Debug|Any CPU.Build.0 = Debug|Any CPU
		{48804A5D-E1BF-4230-B8DE-D3953860E7D1}.Release|Any CPU.ActiveCfg = Release|Any CPU
		{48804A5D-E1BF-4230-B8DE-D3953860E7D1}.Release|Any CPU.Build.0 = Release|Any CPU
		{2DE6EB2E-3F53-4704-A166-52B7AC6A9EF9}.Debug|Any CPU.ActiveCfg = Debug|Any CPU
		{2DE6EB2E-3F53-4704-A166-52B7AC6A9EF9}.Debug|Any CPU.Build.0 = Debug|Any CPU
		{2DE6EB2E-3F53-4704-A166-52B7AC6A9EF9}.Release|Any CPU.ActiveCfg = Release|Any CPU
		{2DE6EB2E-3F53-4704-A166-52B7AC6A9EF9}.Release|Any CPU.Build.0 = Release|Any CPU
		{99C2A53B-852B-481A-89FE-35BC32429E5E}.Debug|Any CPU.ActiveCfg = Debug|Any CPU
		{99C2A53B-852B-481A-89FE-35BC32429E5E}.Debug|Any CPU.Build.0 = Debug|Any CPU
		{99C2A53B-852B-481A-89FE-35BC32429E5E}.Release|Any CPU.ActiveCfg = Release|Any CPU
		{99C2A53B-852B-481A-89FE-35BC32429E5E}.Release|Any CPU.Build.0 = Release|Any CPU
		{9DE34E85-F53D-4DA4-AB8C-9D549A79A541}.Debug|Any CPU.ActiveCfg = Debug|Any CPU
		{9DE34E85-F53D-4DA4-AB8C-9D549A79A541}.Debug|Any CPU.Build.0 = Debug|Any CPU
		{9DE34E85-F53D-4DA4-AB8C-9D549A79A541}.Release|Any CPU.ActiveCfg = Release|Any CPU
		{9DE34E85-F53D-4DA4-AB8C-9D549A79A541}.Release|Any CPU.Build.0 = Release|Any CPU
		{48098FEC-90B4-4DDB-84C1-3F60BD7F4D11}.Debug|Any CPU.ActiveCfg = Debug|Any CPU
		{48098FEC-90B4-4DDB-84C1-3F60BD7F4D11}.Debug|Any CPU.Build.0 = Debug|Any CPU
		{48098FEC-90B4-4DDB-84C1-3F60BD7F4D11}.Release|Any CPU.ActiveCfg = Release|Any CPU
		{48098FEC-90B4-4DDB-84C1-3F60BD7F4D11}.Release|Any CPU.Build.0 = Release|Any CPU
		{098DE651-61F9-487C-B129-87CD348DFA42}.Debug|Any CPU.ActiveCfg = Debug|Any CPU
		{098DE651-61F9-487C-B129-87CD348DFA42}.Debug|Any CPU.Build.0 = Debug|Any CPU
		{098DE651-61F9-487C-B129-87CD348DFA42}.Release|Any CPU.ActiveCfg = Release|Any CPU
		{098DE651-61F9-487C-B129-87CD348DFA42}.Release|Any CPU.Build.0 = Release|Any CPU
		{5239F19A-B253-4BE9-82DB-63DA70C5A925}.Debug|Any CPU.ActiveCfg = Debug|Any CPU
		{5239F19A-B253-4BE9-82DB-63DA70C5A925}.Debug|Any CPU.Build.0 = Debug|Any CPU
		{5239F19A-B253-4BE9-82DB-63DA70C5A925}.Release|Any CPU.ActiveCfg = Release|Any CPU
		{5239F19A-B253-4BE9-82DB-63DA70C5A925}.Release|Any CPU.Build.0 = Release|Any CPU
		{0FEFD23E-2CC6-43D6-9DD7-5A2DA4B24320}.Debug|Any CPU.ActiveCfg = Debug|Any CPU
		{0FEFD23E-2CC6-43D6-9DD7-5A2DA4B24320}.Debug|Any CPU.Build.0 = Debug|Any CPU
		{0FEFD23E-2CC6-43D6-9DD7-5A2DA4B24320}.Release|Any CPU.ActiveCfg = Release|Any CPU
		{0FEFD23E-2CC6-43D6-9DD7-5A2DA4B24320}.Release|Any CPU.Build.0 = Release|Any CPU
		{4C9CFAEA-8DF7-443D-AFA5-15457C4CD05C}.Debug|Any CPU.ActiveCfg = Debug|Any CPU
		{4C9CFAEA-8DF7-443D-AFA5-15457C4CD05C}.Debug|Any CPU.Build.0 = Debug|Any CPU
		{4C9CFAEA-8DF7-443D-AFA5-15457C4CD05C}.Release|Any CPU.ActiveCfg = Release|Any CPU
		{4C9CFAEA-8DF7-443D-AFA5-15457C4CD05C}.Release|Any CPU.Build.0 = Release|Any CPU
	EndGlobalSection
	GlobalSection(SolutionProperties) = preSolution
		HideSolutionNode = FALSE
	EndGlobalSection
	GlobalSection(NestedProjects) = preSolution
		{48804A5D-E1BF-4230-B8DE-D3953860E7D1} = {4CB02753-6BBE-48A6-95F7-BAEDD84A420D}
		{2DE6EB2E-3F53-4704-A166-52B7AC6A9EF9} = {0AB3BF05-4346-4AA6-1389-037BE0695223}
		{99C2A53B-852B-481A-89FE-35BC32429E5E} = {4CB02753-6BBE-48A6-95F7-BAEDD84A420D}
		{9DE34E85-F53D-4DA4-AB8C-9D549A79A541} = {0AB3BF05-4346-4AA6-1389-037BE0695223}
		{48098FEC-90B4-4DDB-84C1-3F60BD7F4D11} = {4CB02753-6BBE-48A6-95F7-BAEDD84A420D}
		{098DE651-61F9-487C-B129-87CD348DFA42} = {0AB3BF05-4346-4AA6-1389-037BE0695223}
		{5239F19A-B253-4BE9-82DB-63DA70C5A925} = {4CB02753-6BBE-48A6-95F7-BAEDD84A420D}
		{0FEFD23E-2CC6-43D6-9DD7-5A2DA4B24320} = {0AB3BF05-4346-4AA6-1389-037BE0695223}
	EndGlobalSection
EndGlobal
